<?xml version="1.0" encoding="utf-8"?>
<Project ToolsVersion="4.0" xmlns="http://schemas.microsoft.com/developer/msbuild/2003">
  <ItemGroup>
    <Filter Include="Resource Files">
      <UniqueIdentifier>{67DA6AB6-F800-4c08-8B7A-83BB121AAD01}</UniqueIdentifier>
      <Extensions>rc;ico;cur;bmp;dlg;rc2;rct;bin;rgs;gif;jpg;jpeg;jpe;resx;tiff;tif;png;wav;mfcribbon-ms</Extensions>
    </Filter>
    <Filter Include="Sample Plugin">
      <UniqueIdentifier>{4FC737F1-C7A5-4376-A066-2A32D752A2FF}</UniqueIdentifier>
      <Extensions>cpp;c;cc;cxx;c++;cppm;ixx;def;odl;idl;hpj;bat;asm;asmx</Extensions>
    </Filter>
    <Filter Include="Sample Plugin\public">
      <UniqueIdentifier>{7c1d6833-73cd-4cd5-ad1e-6521e7b2cdb9}</UniqueIdentifier>
    </Filter>
    <Filter Include="Sample Plugin\sample_plugin">
      <UniqueIdentifier>{0c922263-cb18-435a-bcd8-a71af3b4cd22}</UniqueIdentifier>
    </Filter>
  </ItemGroup>
  <ItemGroup>
    <ClInclude Include="public\sys.h">
      <Filter>Sample Plugin\public</Filter>
    </ClInclude>
    <ClInclude Include="public\interface.h">
      <Filter>Sample Plugin\public</Filter>
    </ClInclude>
    <ClInclude Include="public\platform.h">
      <Filter>Sample Plugin\public</Filter>
    </ClInclude>
    <ClInclude Include="public\IClientPlugin.h">
      <Filter>Sample Plugin\public</Filter>
    </ClInclude>
    <ClInclude Include="sample_plugin\sample_plugin.h">
      <Filter>Sample Plugin\sample_plugin</Filter>
    </ClInclude>
    <ClInclude Include="public\svenmod_version.h">
      <Filter>Sample Plugin\public</Filter>
    </ClInclude>
    <ClInclude Include="sample_plugin\client_hooks.h">
      <Filter>Sample Plugin\sample_plugin</Filter>
    </ClInclude>
    <ClInclude Include="public\ISvenModAPI.h">
      <Filter>Sample Plugin\public</Filter>
    </ClInclude>
    <ClInclude Include="public\messagebuffer.h">
      <Filter>Sample Plugin\public</Filter>
    </ClInclude>
  </ItemGroup>
  <ItemGroup>
    <ClCompile Include="sample_plugin\sample_plugin.cpp">
      <Filter>Sample Plugin\sample_plugin</Filter>
    </ClCompile>
    <ClCompile Include="sample_plugin\client_hooks.cpp">
      <Filter>Sample Plugin\sample_plugin</Filter>
    </ClCompile>
  </ItemGroup>
</Project>