
Microsoft Visual Studio Solution File, Format Version 12.00
# Visual Studio Version 17
VisualStudioVersion = 17.1.32210.238
MinimumVisualStudioVersion = 10.0.40219.1
Project("{8BC9CEB8-8B4A-11D0-8D11-00A0C91BC942}") = "Launcher", "Launcher.vcxproj", "{0456413A-832E-4A1C-9AFB-296AAAA78A12}"
EndProject
Project("{8BC9CEB8-8B4A-11D0-8D11-00A0C91BC942}") = "SvenMod", "SvenMod.vcxproj", "{0C19AAC1-93B0-48DA-822E-615E345FD51C}"
EndProject
Project("{8BC9CEB8-8B4A-11D0-8D11-00A0C91BC942}") = "(Static Library) Interface", "StaticInterface.vcxproj", "{ABBB4DD4-AD97-4B2A-8CA6-0C27E8C8BC54}"
EndProject
Project("{8BC9CEB8-8B4A-11D0-8D11-00A0C91BC942}") = "(Static Library) ConVar", "StaticConVar.vcxproj", "{2E52D432-221E-42FE-9341-9557BBF2A5AA}"
EndProject
Project("{8BC9CEB8-8B4A-11D0-8D11-00A0C91BC942}") = "(Static Library) Common", "StaticCommon.vcxproj", "{33E63CCF-4023-451D-A12F-5DD850ABC79B}"
EndProject
Project("{8BC9CEB8-8B4A-11D0-8D11-00A0C91BC942}") = "Sample Plugin", "SamplePlugin.vcxproj", "{CF202949-7DFD-473B-822A-4EB6328DD4D7}"
EndProject
Global
	GlobalSection(SolutionConfigurationPlatforms) = preSolution
		5.22 Debug|x86 = 5.22 Debug|x86
		5.22 Release|x86 = 5.22 Release|x86
		5.25 Debug|x86 = 5.25 Debug|x86
		5.25 Release|x86 = 5.25 Release|x86
		Newest Debug|x86 = Newest Debug|x86
		Newest Release|x86 = Newest Release|x86
	EndGlobalSection
	GlobalSection(ProjectConfigurationPlatforms) = postSolution
		{0456413A-832E-4A1C-9AFB-296AAAA78A12}.5.22 Debug|x86.ActiveCfg = 5.22 Debug|Win32
		{0456413A-832E-4A1C-9AFB-296AAAA78A12}.5.22 Debug|x86.Build.0 = 5.22 Debug|Win32
		{0456413A-832E-4A1C-9AFB-296AAAA78A12}.5.22 Release|x86.ActiveCfg = 5.22 Release|Win32
		{0456413A-832E-4A1C-9AFB-296AAAA78A12}.5.22 Release|x86.Build.0 = 5.22 Release|Win32
		{0456413A-832E-4A1C-9AFB-296AAAA78A12}.5.25 Debug|x86.ActiveCfg = 5.25 Debug|Win32
		{0456413A-832E-4A1C-9AFB-296AAAA78A12}.5.25 Debug|x86.Build.0 = 5.25 Debug|Win32
		{0456413A-832E-4A1C-9AFB-296AAAA78A12}.5.25 Release|x86.ActiveCfg = 5.25 Release|Win32
		{0456413A-832E-4A1C-9AFB-296AAAA78A12}.5.25 Release|x86.Build.0 = 5.25 Release|Win32
		{0456413A-832E-4A1C-9AFB-296AAAA78A12}.Newest Debug|x86.ActiveCfg = Debug|Win32
		{0456413A-832E-4A1C-9AFB-296AAAA78A12}.Newest Debug|x86.Build.0 = Debug|Win32
		{0456413A-832E-4A1C-9AFB-296AAAA78A12}.Newest Release|x86.ActiveCfg = Release|Win32
		{0456413A-832E-4A1C-9AFB-296AAAA78A12}.Newest Release|x86.Build.0 = Release|Win32
		{0C19AAC1-93B0-48DA-822E-615E345FD51C}.5.22 Debug|x86.ActiveCfg = 5.22 Debug|Win32
		{0C19AAC1-93B0-48DA-822E-615E345FD51C}.5.22 Debug|x86.Build.0 = 5.22 Debug|Win32
		{0C19AAC1-93B0-48DA-822E-615E345FD51C}.5.22 Release|x86.ActiveCfg = 5.22 Release|Win32
		{0C19AAC1-93B0-48DA-822E-615E345FD51C}.5.22 Release|x86.Build.0 = 5.22 Release|Win32
		{0C19AAC1-93B0-48DA-822E-615E345FD51C}.5.25 Debug|x86.ActiveCfg = 5.25 Debug|Win32
		{0C19AAC1-93B0-48DA-822E-615E345FD51C}.5.25 Debug|x86.Build.0 = 5.25 Debug|Win32
		{0C19AAC1-93B0-48DA-822E-615E345FD51C}.5.25 Release|x86.ActiveCfg = 5.25 Release|Win32
		{0C19AAC1-93B0-48DA-822E-615E345FD51C}.5.25 Release|x86.Build.0 = 5.25 Release|Win32
		{0C19AAC1-93B0-48DA-822E-615E345FD51C}.Newest Debug|x86.ActiveCfg = Debug|Win32
		{0C19AAC1-93B0-48DA-822E-615E345FD51C}.Newest Debug|x86.Build.0 = Debug|Win32
		{0C19AAC1-93B0-48DA-822E-615E345FD51C}.Newest Release|x86.ActiveCfg = Release|Win32
		{0C19AAC1-93B0-48DA-822E-615E345FD51C}.Newest Release|x86.Build.0 = Release|Win32
		{ABBB4DD4-AD97-4B2A-8CA6-0C27E8C8BC54}.5.22 Debug|x86.ActiveCfg = 5.22 Debug|Win32
		{ABBB4DD4-AD97-4B2A-8CA6-0C27E8C8BC54}.5.22 Debug|x86.Build.0 = 5.22 Debug|Win32
		{ABBB4DD4-AD97-4B2A-8CA6-0C27E8C8BC54}.5.22 Release|x86.ActiveCfg = 5.22 Release|Win32
		{ABBB4DD4-AD97-4B2A-8CA6-0C27E8C8BC54}.5.22 Release|x86.Build.0 = 5.22 Release|Win32
		{ABBB4DD4-AD97-4B2A-8CA6-0C27E8C8BC54}.5.25 Debug|x86.ActiveCfg = 5.25 Debug|Win32
		{ABBB4DD4-AD97-4B2A-8CA6-0C27E8C8BC54}.5.25 Debug|x86.Build.0 = 5.25 Debug|Win32
		{ABBB4DD4-AD97-4B2A-8CA6-0C27E8C8BC54}.5.25 Release|x86.ActiveCfg = 5.25 Release|Win32
		{ABBB4DD4-AD97-4B2A-8CA6-0C27E8C8BC54}.5.25 Release|x86.Build.0 = 5.25 Release|Win32
		{ABBB4DD4-AD97-4B2A-8CA6-0C27E8C8BC54}.Newest Debug|x86.ActiveCfg = Debug|Win32
		{ABBB4DD4-AD97-4B2A-8CA6-0C27E8C8BC54}.Newest Debug|x86.Build.0 = Debug|Win32
		{ABBB4DD4-AD97-4B2A-8CA6-0C27E8C8BC54}.Newest Release|x86.ActiveCfg = Release|Win32
		{ABBB4DD4-AD97-4B2A-8CA6-0C27E8C8BC54}.Newest Release|x86.Build.0 = Release|Win32
		{2E52D432-221E-42FE-9341-9557BBF2A5AA}.5.22 Debug|x86.ActiveCfg = 5.22 Debug|Win32
		{2E52D432-221E-42FE-9341-9557BBF2A5AA}.5.22 Debug|x86.Build.0 = 5.22 Debug|Win32
		{2E52D432-221E-42FE-9341-9557BBF2A5AA}.5.22 Release|x86.ActiveCfg = 5.22 Release|Win32
		{2E52D432-221E-42FE-9341-9557BBF2A5AA}.5.22 Release|x86.Build.0 = 5.22 Release|Win32
		{2E52D432-221E-42FE-9341-9557BBF2A5AA}.5.25 Debug|x86.ActiveCfg = 5.25 Debug|Win32
		{2E52D432-221E-42FE-9341-9557BBF2A5AA}.5.25 Debug|x86.Build.0 = 5.25 Debug|Win32
		{2E52D432-221E-42FE-9341-9557BBF2A5AA}.5.25 Release|x86.ActiveCfg = 5.25 Release|Win32
		{2E52D432-221E-42FE-9341-9557BBF2A5AA}.5.25 Release|x86.Build.0 = 5.25 Release|Win32
		{2E52D432-221E-42FE-9341-9557BBF2A5AA}.Newest Debug|x86.ActiveCfg = Debug|Win32
		{2E52D432-221E-42FE-9341-9557BBF2A5AA}.Newest Debug|x86.Build.0 = Debug|Win32
		{2E52D432-221E-42FE-9341-9557BBF2A5AA}.Newest Release|x86.ActiveCfg = Release|Win32
		{2E52D432-221E-42FE-9341-9557BBF2A5AA}.Newest Release|x86.Build.0 = Release|Win32
		{33E63CCF-4023-451D-A12F-5DD850ABC79B}.5.22 Debug|x86.ActiveCfg = 5.22 Debug|Win32
		{33E63CCF-4023-451D-A12F-5DD850ABC79B}.5.22 Debug|x86.Build.0 = 5.22 Debug|Win32
		{33E63CCF-4023-451D-A12F-5DD850ABC79B}.5.22 Release|x86.ActiveCfg = 5.22 Release|Win32
		{33E63CCF-4023-451D-A12F-5DD850ABC79B}.5.22 Release|x86.Build.0 = 5.22 Release|Win32
		{33E63CCF-4023-451D-A12F-5DD850ABC79B}.5.25 Debug|x86.ActiveCfg = 5.25 Debug|Win32
		{33E63CCF-4023-451D-A12F-5DD850ABC79B}.5.25 Debug|x86.Build.0 = 5.25 Debug|Win32
		{33E63CCF-4023-451D-A12F-5DD850ABC79B}.5.25 Release|x86.ActiveCfg = 5.25 Release|Win32
		{33E63CCF-4023-451D-A12F-5DD850ABC79B}.5.25 Release|x86.Build.0 = 5.25 Release|Win32
		{33E63CCF-4023-451D-A12F-5DD850ABC79B}.Newest Debug|x86.ActiveCfg = Debug|Win32
		{33E63CCF-4023-451D-A12F-5DD850ABC79B}.Newest Debug|x86.Build.0 = Debug|Win32
		{33E63CCF-4023-451D-A12F-5DD850ABC79B}.Newest Release|x86.ActiveCfg = Release|Win32
		{33E63CCF-4023-451D-A12F-5DD850ABC79B}.Newest Release|x86.Build.0 = Release|Win32
		{CF202949-7DFD-473B-822A-4EB6328DD4D7}.5.22 Debug|x86.ActiveCfg = 5.22 Debug|Win32
		{CF202949-7DFD-473B-822A-4EB6328DD4D7}.5.22 Debug|x86.Build.0 = 5.22 Debug|Win32
		{CF202949-7DFD-473B-822A-4EB6328DD4D7}.5.22 Release|x86.ActiveCfg = 5.22 Release|Win32
		{CF202949-7DFD-473B-822A-4EB6328DD4D7}.5.22 Release|x86.Build.0 = 5.22 Release|Win32
		{CF202949-7DFD-473B-822A-4EB6328DD4D7}.5.25 Debug|x86.ActiveCfg = 5.25 Debug|Win32
		{CF202949-7DFD-473B-822A-4EB6328DD4D7}.5.25 Debug|x86.Build.0 = 5.25 Debug|Win32
		{CF202949-7DFD-473B-822A-4EB6328DD4D7}.5.25 Release|x86.ActiveCfg = 5.25 Release|Win32
		{CF202949-7DFD-473B-822A-4EB6328DD4D7}.5.25 Release|x86.Build.0 = 5.25 Release|Win32
		{CF202949-7DFD-473B-822A-4EB6328DD4D7}.Newest Debug|x86.ActiveCfg = Debug|Win32
		{CF202949-7DFD-473B-822A-4EB6328DD4D7}.Newest Debug|x86.Build.0 = Debug|Win32
		{CF202949-7DFD-473B-822A-4EB6328DD4D7}.Newest Release|x86.ActiveCfg = Release|Win32
		{CF202949-7DFD-473B-822A-4EB6328DD4D7}.Newest Release|x86.Build.0 = Release|Win32
	EndGlobalSection
	GlobalSection(SolutionProperties) = preSolution
		HideSolutionNode = FALSE
	EndGlobalSection
	GlobalSection(ExtensibilityGlobals) = postSolution
		SolutionGuid = {EF68E346-5CE6-4116-B43C-AB786256D46B}
	EndGlobalSection
EndGlobal
